{
  "requires": true,
  "lockfileVersion": 1,
  "dependencies": {
    "@ampproject/remapping": {
      "version": "2.2.1",
      "resolved": "https://registry.npmjs.org/@ampproject/remapping/-/remapping-2.2.1.tgz",
      "integrity": "sha512-lFMjJTrFL3j7L9yBxwYfCq2k6qqwHyzuUl/XBnif78PWTJYyL/dfowQHWE3sp6U6ZzqWiiIZnpTMO96zhkjwtg==",
      "dev": true,
      "requires": {
        "@jridgewell/gen-mapping": "^0.3.0",
        "@jridgewell/trace-mapping": "^0.3.9"
      }
    },
    "@babel/code-frame": {
      "version": "7.23.4",
      "resolved": "https://registry.npmjs.org/@babel/code-frame/-/code-frame-7.23.4.tgz",
      "integrity": "sha512-r1IONyb6Ia+jYR2vvIDhdWdlTGhqbBoFqLTQidzZ4kepUFH15ejXvFHxCVbtl7BOXIudsIubf4E81xeA3h3IXA==",
      "dev": true,
      "requires": {
        "@babel/highlight": "^7.23.4",
        "chalk": "^2.4.2"
      }
    },
    "@babel/compat-data": {
      "version": "7.23.3",
      "resolved": "https://registry.npmjs.org/@babel/compat-data/-/compat-data-7.23.3.tgz",
      "integrity": "sha512-BmR4bWbDIoFJmJ9z2cZ8Gmm2MXgEDgjdWgpKmKWUt54UGFJdlj31ECtbaDvCG/qVdG3AQ1SfpZEs01lUFbzLOQ==",
      "dev": true
    },
    "@babel/core": {
      "version": "7.23.3",
      "resolved": "https://registry.npmjs.org/@babel/core/-/core-7.23.3.tgz",
      "integrity": "sha512-Jg+msLuNuCJDyBvFv5+OKOUjWMZgd85bKjbICd3zWrKAo+bJ49HJufi7CQE0q0uR8NGyO6xkCACScNqyjHSZew==",
      "dev": true,
      "requires": {
        "@ampproject/remapping": "^2.2.0",
        "@babel/code-frame": "^7.22.13",
        "@babel/generator": "^7.23.3",
        "@babel/helper-compilation-targets": "^7.22.15",
        "@babel/helper-module-transforms": "^7.23.3",
        "@babel/helpers": "^7.23.2",
        "@babel/parser": "^7.23.3",
        "@babel/template": "^7.22.15",
        "@babel/traverse": "^7.23.3",
        "@babel/types": "^7.23.3",
        "convert-source-map": "^2.0.0",
        "debug": "^4.1.0",
        "gensync": "^1.0.0-beta.2",
        "json5": "^2.2.3",
        "semver": "^6.3.1"
      }
    },
    "@babel/generator": {
      "version": "7.23.4",
      "resolved": "https://registry.npmjs.org/@babel/generator/-/generator-7.23.4.tgz",
      "integrity": "sha512-esuS49Cga3HcThFNebGhlgsrVLkvhqvYDTzgjfFFlHJcIfLe5jFmRRfCQ1KuBfc4Jrtn3ndLgKWAKjBE+IraYQ==",
      "dev": true,
      "requires": {
        "@babel/types": "^7.23.4",
        "@jridgewell/gen-mapping": "^0.3.2",
        "@jridgewell/trace-mapping": "^0.3.17",
        "jsesc": "^2.5.1"
      }
    },
    "@babel/helper-annotate-as-pure": {

